
Microsoft Visual Studio Solution File, Format Version 12.00
# Visual Studio Version 16
VisualStudioVersion = 16.0.30621.155
MinimumVisualStudioVersion = 10.0.40219.1
Project("{2150E333-8FDC-42A3-9474-1A3956D46DE8}") = "src", "src", "{CD368C52-BAEB-4C43-93C4-50051A1EB357}"
EndProject
Project("{2150E333-8FDC-42A3-9474-1A3956D46DE8}") = "test", "test", "{2825BF9B-A6A2-4D05-9492-AC1FA0697C94}"
EndProject
Project("{9A19103F-16F7-4668-BE54-9A1E7A4F7556}") = "Example.Api", "src\Api\Example.Api.csproj", "{19EBA461-E8B0-4DA7-BD57-D2AACEAFFA66}"
EndProject
Global
	GlobalSection(SolutionConfigurationPlatforms) = preSolution
		Debug|Any CPU = Debug|Any CPU
		Release|Any CPU = Release|Any CPU
	EndGlobalSection
	GlobalSection(ProjectConfigurationPlatforms) = postSolution
		{19EBA461-E8B0-4DA7-BD57-D2AACEAFFA66}.Debug|Any CPU.ActiveCfg = Debug|Any CPU
		{19EBA461-E8B0-4DA7-BD57-D2AACEAFFA66}.Debug|Any CPU.Build.0 = Debug|Any CPU
		{19EBA461-E8B0-4DA7-BD57-D2AACEAFFA66}.Release|Any CPU.ActiveCfg = Release|Any CPU
		{19EBA461-E8B0-4DA7-BD57-D2AACEAFFA66}.Release|Any CPU.Build.0 = Release|Any CPU
	EndGlobalSection
	GlobalSection(SolutionProperties) = preSolution
		HideSolutionNode = FALSE
	EndGlobalSection
	GlobalSection(NestedProjects) = preSolution
		{19EBA461-E8B0-4DA7-BD57-D2AACEAFFA66} = {CD368C52-BAEB-4C43-93C4-50051A1EB357}
	EndGlobalSection
	GlobalSection(ExtensibilityGlobals) = postSolution
		SolutionGuid = {C833B959-319A-4B05-9004-4A43ECFCA9FC}
	EndGlobalSection
EndGlobal
